
Microsoft Visual Studio Solution File, Format Version 12.00
# Visual Studio 2012
Project("{FAE04EC0-301F-11D3-BF4B-00C04F79EFBC}") = "Scripts", "Scripts\Scripts.csproj", "{8455D519-DFE2-4134-B616-84A914DD055A}"
EndProject
Global
	GlobalSection(SolutionConfigurationPlatforms) = preSolution
		Debug|Any CPU = Debug|Any CPU
		Release|Any CPU = Release|Any CPU
	EndGlobalSection
	GlobalSection(ProjectConfigurationPlatforms) = postSolution
		{8455D519-DFE2-4134-B616-84A914DD055A}.Debug|Any CPU.ActiveCfg = Debug|Any CPU
		{8455D519-DFE2-4134-B616-84A914DD055A}.Debug|Any CPU.Build.0 = Debug|Any CPU
		{8455D519-DFE2-4134-B616-84A914DD055A}.Release|Any CPU.ActiveCfg = Release|Any CPU
		{8455D519-DFE2-4134-B616-84A914DD055A}.Release|Any CPU.Build.0 = Release|Any CPU
	EndGlobalSection
	GlobalSection(SolutionProperties) = preSolution
		HideSolutionNode = FALSE
	EndGlobalSection
EndGlobal
